
Microsoft Visual Studio Solution File, Format Version 12.00
# Visual Studio Version 17
VisualStudioVersion = 17.3.32811.315
MinimumVisualStudioVersion = 10.0.40219.1
Project("{FAE04EC0-301F-11D3-BF4B-00C04F79EFBC}") = "aspmvccore6test1", "aspmvccore6test1\aspmvccore6test1.csproj", "{F04A890C-8A42-40FE-B19B-74B112074B6C}"
EndProject
Global
	GlobalSection(SolutionConfigurationPlatforms) = preSolution
		Debug|Any CPU = Debug|Any CPU
		Release|Any CPU = Release|Any CPU
	EndGlobalSection
	GlobalSection(ProjectConfigurationPlatforms) = postSolution
		{F04A890C-8A42-40FE-B19B-74B112074B6C}.Debug|Any CPU.ActiveCfg = Debug|Any CPU
		{F04A890C-8A42-40FE-B19B-74B112074B6C}.Debug|Any CPU.Build.0 = Debug|Any CPU
		{F04A890C-8A42-40FE-B19B-74B112074B6C}.Release|Any CPU.ActiveCfg = Release|Any CPU
		{F04A890C-8A42-40FE-B19B-74B112074B6C}.Release|Any CPU.Build.0 = Release|Any CPU
	EndGlobalSection
	GlobalSection(SolutionProperties) = preSolution
		HideSolutionNode = FALSE
	EndGlobalSection
	GlobalSection(ExtensibilityGlobals) = postSolution
		SolutionGuid = {E092DE94-6BD0-48BF-B7F8-DCC9745E45A5}
	EndGlobalSection
EndGlobal
